
Microsoft Visual Studio Solution File, Format Version 12.00
# Visual Studio 2013
VisualStudioVersion = 12.0.31101.0
MinimumVisualStudioVersion = 10.0.40219.1
Project("{8BC9CEB8-8B4A-11D0-8D11-00A0C91BC942}") = "FotoLibrary", "FotoLibrary\FotoLibrary.vcxproj", "{87713FC9-4EDB-45E8-A71A-FC6D6ACC0D13}"
EndProject
Project("{8BC9CEB8-8B4A-11D0-8D11-00A0C91BC942}") = "UsuarioGUI", "UsuarioGUI\UsuarioGUI.vcxproj", "{A2D0F561-ACA9-4262-A41E-B20DA0C88ECF}"
EndProject
Project("{8BC9CEB8-8B4A-11D0-8D11-00A0C91BC942}") = "StansaController", "StansaController\StansaController.vcxproj", "{AF7D6EC8-82F8-4D90-89E2-0F1A985BB910}"
EndProject
Project("{8BC9CEB8-8B4A-11D0-8D11-00A0C91BC942}") = "BossStansaController", "BossStansaController\BossStansaController.vcxproj", "{BE3B7A50-3BB7-47F0-A51F-FF50706CC8F0}"
EndProject
Global
	GlobalSection(SolutionConfigurationPlatforms) = preSolution
		Debug|Win32 = Debug|Win32
		Release|Win32 = Release|Win32
	EndGlobalSection
	GlobalSection(ProjectConfigurationPlatforms) = postSolution
		{87713FC9-4EDB-45E8-A71A-FC6D6ACC0D13}.Debug|Win32.ActiveCfg = Debug|Win32
		{87713FC9-4EDB-45E8-A71A-FC6D6ACC0D13}.Debug|Win32.Build.0 = Debug|Win32
		{87713FC9-4EDB-45E8-A71A-FC6D6ACC0D13}.Release|Win32.ActiveCfg = Release|Win32
		{87713FC9-4EDB-45E8-A71A-FC6D6ACC0D13}.Release|Win32.Build.0 = Release|Win32
		{A2D0F561-ACA9-4262-A41E-B20DA0C88ECF}.Debug|Win32.ActiveCfg = Debug|Win32
		{A2D0F561-ACA9-4262-A41E-B20DA0C88ECF}.Debug|Win32.Build.0 = Debug|Win32
		{A2D0F561-ACA9-4262-A41E-B20DA0C88ECF}.Release|Win32.ActiveCfg = Release|Win32
		{A2D0F561-ACA9-4262-A41E-B20DA0C88ECF}.Release|Win32.Build.0 = Release|Win32
		{AF7D6EC8-82F8-4D90-89E2-0F1A985BB910}.Debug|Win32.ActiveCfg = Debug|Win32
		{AF7D6EC8-82F8-4D90-89E2-0F1A985BB910}.Debug|Win32.Build.0 = Debug|Win32
		{AF7D6EC8-82F8-4D90-89E2-0F1A985BB910}.Release|Win32.ActiveCfg = Release|Win32
		{AF7D6EC8-82F8-4D90-89E2-0F1A985BB910}.Release|Win32.Build.0 = Release|Win32
		{BE3B7A50-3BB7-47F0-A51F-FF50706CC8F0}.Debug|Win32.ActiveCfg = Debug|Win32
		{BE3B7A50-3BB7-47F0-A51F-FF50706CC8F0}.Debug|Win32.Build.0 = Debug|Win32
		{BE3B7A50-3BB7-47F0-A51F-FF50706CC8F0}.Release|Win32.ActiveCfg = Release|Win32
		{BE3B7A50-3BB7-47F0-A51F-FF50706CC8F0}.Release|Win32.Build.0 = Release|Win32
	EndGlobalSection
	GlobalSection(SolutionProperties) = preSolution
		HideSolutionNode = FALSE
	EndGlobalSection
EndGlobal
